{
  "name": "custom_detectors",
  "lockfileVersion": 2,
  "requires": true,
  "packages": {
    "": {
      "dependencies": {
        "@openzeppelin/contracts": "^4.8.3"
      }
    },
    "node_modules/@openzeppelin/contracts": {
      "version": "4.8.3",
      "resolved": "https://registry.npmjs.org/@openzeppelin/contracts/-/contracts-4.8.3.tgz",
      "integrity": "sha512-bQHV8R9Me8IaJoJ2vPG4rXcL7seB7YVuskr4f+f5RyOStSZetwzkWtoqDMl5erkBJy0lDRUnIR2WIkPiC0GJlg=="
    }
  },
  "dependencies": {
    "@openzeppelin/contracts": {
      "version": "4.8.3",
      "resolved": "https://registry.npmjs.org/@openzeppelin/contracts/-/contracts-4.8.3.tgz",
      "integrity": "sha512-bQHV8R9Me8IaJoJ2vPG4rXcL7seB7YVuskr4f+f5RyOStSZetwzkWtoqDMl5erkBJy0lDRUnIR2WIkPiC0GJlg=="
    }
  }
}
