{
  "name": "slitherin",
  "lockfileVersion": 2,
  "requires": true,
  "packages": {
    "": {
      "dependencies": {
        "@openzeppelin/contracts": "^4.9.1"
      }
    },
    "node_modules/@openzeppelin/contracts": {
      "version": "4.9.1",
      "resolved": "https://registry.npmjs.org/@openzeppelin/contracts/-/contracts-4.9.1.tgz",
      "integrity": "sha512-aLDTLu/If1qYIFW5g4ZibuQaUsFGWQPBq1mZKp/txaebUnGHDmmiBhRLY1tDNedN0m+fJtKZ1zAODS9Yk+V6uA=="
    }
  },
  "dependencies": {
    "@openzeppelin/contracts": {
      "version": "4.9.1",
      "resolved": "https://registry.npmjs.org/@openzeppelin/contracts/-/contracts-4.9.1.tgz",
      "integrity": "sha512-aLDTLu/If1qYIFW5g4ZibuQaUsFGWQPBq1mZKp/txaebUnGHDmmiBhRLY1tDNedN0m+fJtKZ1zAODS9Yk+V6uA=="
    }
  }
}
