{
  "name": "slitherin",
  "lockfileVersion": 2,
  "requires": true,
  "packages": {
    "": {
      "dependencies": {
        "@balancer-labs/v2-interfaces": "^0.4.0",
        "@balancer-labs/v2-pool-utils": "^4.0.0",
        "@openzeppelin/contracts": "^4.9.3"
      }
    },
    "node_modules/@balancer-labs/v2-interfaces": {
      "version": "0.4.0",
      "resolved": "https://registry.npmjs.org/@balancer-labs/v2-interfaces/-/v2-interfaces-0.4.0.tgz",
      "integrity": "sha512-K0ij26m8/UOvdPmrAnuh/C7kT8OQupsgV8KRyIt+aTHW1KbPOi4v8zLMwW2AwSYMSRjPK2A/ttlnNizT0iA4Qg=="
    },
    "node_modules/@balancer-labs/v2-pool-utils": {
      "version": "4.1.1",
      "resolved": "https://registry.npmjs.org/@balancer-labs/v2-pool-utils/-/v2-pool-utils-4.1.1.tgz",
      "integrity": "sha512-CZRXqD71Sog7zZh8ycdAN1Q0RpYPTvH7orQcWUNbj9ooWc5M7eqmgntsK8Me1a5AKroxf6rH0xLQBYoBaapbMA==",
      "dependencies": {
        "@balancer-labs/v2-interfaces": "0.4.0",
        "@balancer-labs/v2-solidity-utils": "4.0.0"
      }
    },
    "node_modules/@balancer-labs/v2-solidity-utils": {
      "version": "4.0.0",
      "resolved": "https://registry.npmjs.org/@balancer-labs/v2-solidity-utils/-/v2-solidity-utils-4.0.0.tgz",
      "integrity": "sha512-BB9bawgywV8q8v/m3xhYVI5X0rJ3ox64t4IYiAQvgdrR7+Sgn6AAkAP++odjbDJdCcM5wQMi92zwt50rq2nn6A==",
      "dependencies": {
        "@balancer-labs/v2-interfaces": "0.4.0"
      }
    },
    "node_modules/@openzeppelin/contracts": {
      "version": "4.9.3",
      "resolved": "https://registry.npmjs.org/@openzeppelin/contracts/-/contracts-4.9.3.tgz",
      "integrity": "sha512-He3LieZ1pP2TNt5JbkPA4PNT9WC3gOTOlDcFGJW4Le4QKqwmiNJCRt44APfxMxvq7OugU/cqYuPcSBzOw38DAg=="
    }
  },
  "dependencies": {
    "@balancer-labs/v2-interfaces": {
      "version": "0.4.0",
      "resolved": "https://registry.npmjs.org/@balancer-labs/v2-interfaces/-/v2-interfaces-0.4.0.tgz",
      "integrity": "sha512-K0ij26m8/UOvdPmrAnuh/C7kT8OQupsgV8KRyIt+aTHW1KbPOi4v8zLMwW2AwSYMSRjPK2A/ttlnNizT0iA4Qg=="
    },
    "@balancer-labs/v2-pool-utils": {
      "version": "4.1.1",
      "resolved": "https://registry.npmjs.org/@balancer-labs/v2-pool-utils/-/v2-pool-utils-4.1.1.tgz",
      "integrity": "sha512-CZRXqD71Sog7zZh8ycdAN1Q0RpYPTvH7orQcWUNbj9ooWc5M7eqmgntsK8Me1a5AKroxf6rH0xLQBYoBaapbMA==",
      "requires": {
        "@balancer-labs/v2-interfaces": "0.4.0",
        "@balancer-labs/v2-solidity-utils": "4.0.0"
      }
    },
    "@balancer-labs/v2-solidity-utils": {
      "version": "4.0.0",
      "resolved": "https://registry.npmjs.org/@balancer-labs/v2-solidity-utils/-/v2-solidity-utils-4.0.0.tgz",
      "integrity": "sha512-BB9bawgywV8q8v/m3xhYVI5X0rJ3ox64t4IYiAQvgdrR7+Sgn6AAkAP++odjbDJdCcM5wQMi92zwt50rq2nn6A==",
      "requires": {
        "@balancer-labs/v2-interfaces": "0.4.0"
      }
    },
    "@openzeppelin/contracts": {
      "version": "4.9.3",
      "resolved": "https://registry.npmjs.org/@openzeppelin/contracts/-/contracts-4.9.3.tgz",
      "integrity": "sha512-He3LieZ1pP2TNt5JbkPA4PNT9WC3gOTOlDcFGJW4Le4QKqwmiNJCRt44APfxMxvq7OugU/cqYuPcSBzOw38DAg=="
    }
  }
}
